// !$*UTF8*$!
{
	archiveVersion = 1;
	classes = {
	};
	objectVersion = 50;
	objects = {

/* Begin PBXBuildFile section */
		3246D62024272DC300799D21 /* main.c in Sources */ = {isa = PBXBuildFile; fileRef = 3246D61F24272DC300799D21 /* main.c */; };
		3246D62924272DEF00799D21 /* variable_vector.c in Sources */ = {isa = PBXBuildFile; fileRef = 3246D62724272DEF00799D21 /* variable_vector.c */; };
		3246D63324272E0D00799D21 /* memory.c in Sources */ = {isa = PBXBuildFile; fileRef = 3246D62A24272E0C00799D21 /* memory.c */; };
		3246D63424272E0D00799D21 /* dictionary.c in Sources */ = {isa = PBXBuildFile; fileRef = 3246D62B24272E0C00799D21 /* dictionary.c */; };
		3246D63524272E0D00799D21 /* strings.c in Sources */ = {isa = PBXBuildFile; fileRef = 3246D62D24272E0C00799D21 /* strings.c */; };
		3246D63624272E0D00799D21 /* circular_linked_list.c in Sources */ = {isa = PBXBuildFile; fileRef = 3246D62F24272E0D00799D21 /* circular_linked_list.c */; };
		3246D6392427304E00799D21 /* print.c in Sources */ = {isa = PBXBuildFile; fileRef = 3246D6382427304E00799D21 /* print.c */; };
/* End PBXBuildFile section */

/* Begin PBXCopyFilesBuildPhase section */
		3246D61A24272DC200799D21 /* CopyFiles */ = {
			isa = PBXCopyFilesBuildPhase;
			buildActionMask = 2147483647;
			dstPath = /usr/share/man/man1/;
			dstSubfolderSpec = 0;
			files = (
			);
			runOnlyForDeploymentPostprocessing = 1;
		};
/* End PBXCopyFilesBuildPhase section */

/* Begin PBXFileReference section */
		3246D61C24272DC300799D21 /* library */ = {isa = PBXFileReference; explicitFileType = "compiled.mach-o.executable"; includeInIndex = 0; path = library; sourceTree = BUILT_PRODUCTS_DIR; };
		3246D61F24272DC300799D21 /* main.c */ = {isa = PBXFileReference; lastKnownFileType = sourcecode.c.c; path = main.c; sourceTree = "<group>"; };
		3246D62724272DEF00799D21 /* variable_vector.c */ = {isa = PBXFileReference; fileEncoding = 4; lastKnownFileType = sourcecode.c.c; path = variable_vector.c; sourceTree = "<group>"; };
		3246D62824272DEF00799D21 /* variable_vector.h */ = {isa = PBXFileReference; fileEncoding = 4; lastKnownFileType = sourcecode.c.h; path = variable_vector.h; sourceTree = "<group>"; };
		3246D62A24272E0C00799D21 /* memory.c */ = {isa = PBXFileReference; fileEncoding = 4; lastKnownFileType = sourcecode.c.c; path = memory.c; sourceTree = "<group>"; };
		3246D62B24272E0C00799D21 /* dictionary.c */ = {isa = PBXFileReference; fileEncoding = 4; lastKnownFileType = sourcecode.c.c; path = dictionary.c; sourceTree = "<group>"; };
		3246D62C24272E0C00799D21 /* strings.h */ = {isa = PBXFileReference; fileEncoding = 4; lastKnownFileType = sourcecode.c.h; path = strings.h; sourceTree = "<group>"; };
		3246D62D24272E0C00799D21 /* strings.c */ = {isa = PBXFileReference; fileEncoding = 4; lastKnownFileType = sourcecode.c.c; path = strings.c; sourceTree = "<group>"; };
		3246D62E24272E0D00799D21 /* circular_linked_list.h */ = {isa = PBXFileReference; fileEncoding = 4; lastKnownFileType = sourcecode.c.h; path = circular_linked_list.h; sourceTree = "<group>"; };
		3246D62F24272E0D00799D21 /* circular_linked_list.c */ = {isa = PBXFileReference; fileEncoding = 4; lastKnownFileType = sourcecode.c.c; path = circular_linked_list.c; sourceTree = "<group>"; };
		3246D63024272E0D00799D21 /* dictionary.h */ = {isa = PBXFileReference; fileEncoding = 4; lastKnownFileType = sourcecode.c.h; path = dictionary.h; sourceTree = "<group>"; };
		3246D63124272E0D00799D21 /* def.h */ = {isa = PBXFileReference; fileEncoding = 4; lastKnownFileType = sourcecode.c.h; path = def.h; sourceTree = "<group>"; };
		3246D63224272E0D00799D21 /* memory.h */ = {isa = PBXFileReference; fileEncoding = 4; lastKnownFileType = sourcecode.c.h; path = memory.h; sourceTree = "<group>"; };
		3246D6372427304E00799D21 /* print.h */ = {isa = PBXFileReference; lastKnownFileType = sourcecode.c.h; path = print.h; sourceTree = "<group>"; };
		3246D6382427304E00799D21 /* print.c */ = {isa = PBXFileReference; lastKnownFileType = sourcecode.c.c; path = print.c; sourceTree = "<group>"; };
/* End PBXFileReference section */

/* Begin PBXFrameworksBuildPhase section */
		3246D61924272DC200799D21 /* Frameworks */ = {
			isa = PBXFrameworksBuildPhase;
			buildActionMask = 2147483647;
			files = (
			);
			runOnlyForDeploymentPostprocessing = 0;
		};
/* End PBXFrameworksBuildPhase section */

/* Begin PBXGroup section */
		3246D61324272DC200799D21 = {
			isa = PBXGroup;
			children = (
				3246D61E24272DC300799D21 /* library */,
				3246D61D24272DC300799D21 /* Products */,
			);
			sourceTree = "<group>";
		};
		3246D61D24272DC300799D21 /* Products */ = {
			isa = PBXGroup;
			children = (
				3246D61C24272DC300799D21 /* library */,
			);
			name = Products;
			sourceTree = "<group>";
		};
		3246D61E24272DC300799D21 /* library */ = {
			isa = PBXGroup;
			children = (
				3246D62624272DD300799D21 /* lib */,
				3246D61F24272DC300799D21 /* main.c */,
			);
			path = library;
			sourceTree = "<group>";
		};
		3246D62624272DD300799D21 /* lib */ = {
			isa = PBXGroup;
			children = (
				3246D62F24272E0D00799D21 /* circular_linked_list.c */,
				3246D62E24272E0D00799D21 /* circular_linked_list.h */,
				3246D63124272E0D00799D21 /* def.h */,
				3246D62B24272E0C00799D21 /* dictionary.c */,
				3246D63024272E0D00799D21 /* dictionary.h */,
				3246D62A24272E0C00799D21 /* memory.c */,
				3246D63224272E0D00799D21 /* memory.h */,
				3246D62D24272E0C00799D21 /* strings.c */,
				3246D62C24272E0C00799D21 /* strings.h */,
				3246D62724272DEF00799D21 /* variable_vector.c */,
				3246D62824272DEF00799D21 /* variable_vector.h */,
				3246D6372427304E00799D21 /* print.h */,
				3246D6382427304E00799D21 /* print.c */,
			);
			path = lib;
			sourceTree = "<group>";
		};
/* End PBXGroup section */

/* Begin PBXNativeTarget section */
		3246D61B24272DC200799D21 /* library */ = {
			isa = PBXNativeTarget;
			buildConfigurationList = 3246D62324272DC300799D21 /* Build configuration list for PBXNativeTarget "library" */;
			buildPhases = (
				3246D61824272DC200799D21 /* Sources */,
				3246D61924272DC200799D21 /* Frameworks */,
				3246D61A24272DC200799D21 /* CopyFiles */,
			);
			buildRules = (
			);
			dependencies = (
			);
			name = library;
			productName = library;
			productReference = 3246D61C24272DC300799D21 /* library */;
			productType = "com.apple.product-type.tool";
		};
/* End PBXNativeTarget section */

/* Begin PBXProject section */
		3246D61424272DC200799D21 /* Project object */ = {
			isa = PBXProject;
			attributes = {
				LastUpgradeCheck = 1130;
				ORGANIZATIONNAME = Shimoda;
				TargetAttributes = {
					3246D61B24272DC200799D21 = {
						CreatedOnToolsVersion = 11.3.1;
					};
				};
			};
			buildConfigurationList = 3246D61724272DC200799D21 /* Build configuration list for PBXProject "library" */;
			compatibilityVersion = "Xcode 9.3";
			developmentRegion = en;
			hasScannedForEncodings = 0;
			knownRegions = (
				en,
				Base,
			);
			mainGroup = 3246D61324272DC200799D21;
			productRefGroup = 3246D61D24272DC300799D21 /* Products */;
			projectDirPath = "";
			projectRoot = "";
			targets = (
				3246D61B24272DC200799D21 /* library */,
			);
		};
/* End PBXProject section */

/* Begin PBXSourcesBuildPhase section */
		3246D61824272DC200799D21 /* Sources */ = {
			isa = PBXSourcesBuildPhase;
			buildActionMask = 2147483647;
			files = (
				3246D62924272DEF00799D21 /* variable_vector.c in Sources */,
				3246D63324272E0D00799D21 /* memory.c in Sources */,
				3246D6392427304E00799D21 /* print.c in Sources */,
				3246D62024272DC300799D21 /* main.c in Sources */,
				3246D63624272E0D00799D21 /* circular_linked_list.c in Sources */,
				3246D63424272E0D00799D21 /* dictionary.c in Sources */,
				3246D63524272E0D00799D21 /* strings.c in Sources */,
			);
			runOnlyForDeploymentPostprocessing = 0;
		};
/* End PBXSourcesBuildPhase section */

/* Begin XCBuildConfiguration section */
		3246D62124272DC300799D21 /* Debug */ = {
			isa = XCBuildConfiguration;
			buildSettings = {
				ALWAYS_SEARCH_USER_PATHS = NO;
				CLANG_ANALYZER_NONNULL = YES;
				CLANG_ANALYZER_NUMBER_OBJECT_CONVERSION = YES_AGGRESSIVE;
				CLANG_CXX_LANGUAGE_STANDARD = "gnu++14";
				CLANG_CXX_LIBRARY = "libc++";
				CLANG_ENABLE_MODULES = YES;
				CLANG_ENABLE_OBJC_ARC = YES;
				CLANG_ENABLE_OBJC_WEAK = YES;
				CLANG_WARN_BLOCK_CAPTURE_AUTORELEASING = YES;
				CLANG_WARN_BOOL_CONVERSION = YES;
				CLANG_WARN_COMMA = YES;
				CLANG_WARN_CONSTANT_CONVERSION = YES;
				CLANG_WARN_DEPRECATED_OBJC_IMPLEMENTATIONS = YES;
				CLANG_WARN_DIRECT_OBJC_ISA_USAGE = YES_ERROR;
				CLANG_WARN_DOCUMENTATION_COMMENTS = YES;
				CLANG_WARN_EMPTY_BODY = YES;
				CLANG_WARN_ENUM_CONVERSION = YES;
				CLANG_WARN_INFINITE_RECURSION = YES;
				CLANG_WARN_INT_CONVERSION = YES;
				CLANG_WARN_NON_LITERAL_NULL_CONVERSION = YES;
				CLANG_WARN_OBJC_IMPLICIT_RETAIN_SELF = YES;
				CLANG_WARN_OBJC_LITERAL_CONVERSION = YES;
				CLANG_WARN_OBJC_ROOT_CLASS = YES_ERROR;
				CLANG_WARN_RANGE_LOOP_ANALYSIS = YES;
				CLANG_WARN_STRICT_PROTOTYPES = YES;
				CLANG_WARN_SUSPICIOUS_MOVE = YES;
				CLANG_WARN_UNGUARDED_AVAILABILITY = YES_AGGRESSIVE;
				CLANG_WARN_UNREACHABLE_CODE = YES;
				CLANG_WARN__DUPLICATE_METHOD_MATCH = YES;
				COPY_PHASE_STRIP = NO;
				DEBUG_INFORMATION_FORMAT = dwarf;
				ENABLE_STRICT_OBJC_MSGSEND = YES;
				ENABLE_TESTABILITY = YES;
				GCC_C_LANGUAGE_STANDARD = gnu11;
				GCC_DYNAMIC_NO_PIC = NO;
				GCC_NO_COMMON_BLOCKS = YES;
				GCC_OPTIMIZATION_LEVEL = 0;
				GCC_PREPROCESSOR_DEFINITIONS = (
					"DEBUG=1",
					"$(inherited)",
				);
				GCC_WARN_64_TO_32_BIT_CONVERSION = YES;
				GCC_WARN_ABOUT_RETURN_TYPE = YES_ERROR;
				GCC_WARN_UNDECLARED_SELECTOR = YES;
				GCC_WARN_UNINITIALIZED_AUTOS = YES_AGGRESSIVE;
				GCC_WARN_UNUSED_FUNCTION = YES;
				GCC_WARN_UNUSED_VARIABLE = YES;
				MACOSX_DEPLOYMENT_TARGET = 10.15;
				MTL_ENABLE_DEBUG_INFO = INCLUDE_SOURCE;
				MTL_FAST_MATH = YES;
				ONLY_ACTIVE_ARCH = YES;
				SDKROOT = macosx;
			};
			name = Debug;
		};
		3246D62224272DC300799D21 /* Release */ = {
			isa = XCBuildConfiguration;
			buildSettings = {
				ALWAYS_SEARCH_USER_PATHS = NO;
				CLANG_ANALYZER_NONNULL = YES;
				CLANG_ANALYZER_NUMBER_OBJECT_CONVERSION = YES_AGGRESSIVE;
				CLANG_CXX_LANGUAGE_STANDARD = "gnu++14";
				CLANG_CXX_LIBRARY = "libc++";
				CLANG_ENABLE_MODULES = YES;
				CLANG_ENABLE_OBJC_ARC = YES;
				CLANG_ENABLE_OBJC_WEAK = YES;
				CLANG_WARN_BLOCK_CAPTURE_AUTORELEASING = YES;
				CLANG_WARN_BOOL_CONVERSION = YES;
				CLANG_WARN_COMMA = YES;
				CLANG_WARN_CONSTANT_CONVERSION = YES;
				CLANG_WARN_DEPRECATED_OBJC_IMPLEMENTATIONS = YES;
				CLANG_WARN_DIRECT_OBJC_ISA_USAGE = YES_ERROR;
				CLANG_WARN_DOCUMENTATION_COMMENTS = YES;
				CLANG_WARN_EMPTY_BODY = YES;
				CLANG_WARN_ENUM_CONVERSION = YES;
				CLANG_WARN_INFINITE_RECURSION = YES;
				CLANG_WARN_INT_CONVERSION = YES;
				CLANG_WARN_NON_LITERAL_NULL_CONVERSION = YES;
				CLANG_WARN_OBJC_IMPLICIT_RETAIN_SELF = YES;
				CLANG_WARN_OBJC_LITERAL_CONVERSION = YES;
				CLANG_WARN_OBJC_ROOT_CLASS = YES_ERROR;
				CLANG_WARN_RANGE_LOOP_ANALYSIS = YES;
				CLANG_WARN_STRICT_PROTOTYPES = YES;
				CLANG_WARN_SUSPICIOUS_MOVE = YES;
				CLANG_WARN_UNGUARDED_AVAILABILITY = YES_AGGRESSIVE;
				CLANG_WARN_UNREACHABLE_CODE = YES;
				CLANG_WARN__DUPLICATE_METHOD_MATCH = YES;
				COPY_PHASE_STRIP = NO;
				DEBUG_INFORMATION_FORMAT = "dwarf-with-dsym";
				ENABLE_NS_ASSERTIONS = NO;
				ENABLE_STRICT_OBJC_MSGSEND = YES;
				GCC_C_LANGUAGE_STANDARD = gnu11;
				GCC_NO_COMMON_BLOCKS = YES;
				GCC_WARN_64_TO_32_BIT_CONVERSION = YES;
				GCC_WARN_ABOUT_RETURN_TYPE = YES_ERROR;
				GCC_WARN_UNDECLARED_SELECTOR = YES;
				GCC_WARN_UNINITIALIZED_AUTOS = YES_AGGRESSIVE;
				GCC_WARN_UNUSED_FUNCTION = YES;
				GCC_WARN_UNUSED_VARIABLE = YES;
				MACOSX_DEPLOYMENT_TARGET = 10.15;
				MTL_ENABLE_DEBUG_INFO = NO;
				MTL_FAST_MATH = YES;
				SDKROOT = macosx;
			};
			name = Release;
		};
		3246D62424272DC300799D21 /* Debug */ = {
			isa = XCBuildConfiguration;
			buildSettings = {
				CODE_SIGN_STYLE = Automatic;
				DEVELOPMENT_TEAM = 8364C4MXSC;
				ENABLE_HARDENED_RUNTIME = YES;
				PRODUCT_NAME = "$(TARGET_NAME)";
			};
			name = Debug;
		};
		3246D62524272DC300799D21 /* Release */ = {
			isa = XCBuildConfiguration;
			buildSettings = {
				CODE_SIGN_STYLE = Automatic;
				DEVELOPMENT_TEAM = 8364C4MXSC;
				ENABLE_HARDENED_RUNTIME = YES;
				PRODUCT_NAME = "$(TARGET_NAME)";
			};
			name = Release;
		};
/* End XCBuildConfiguration section */

/* Begin XCConfigurationList section */
		3246D61724272DC200799D21 /* Build configuration list for PBXProject "library" */ = {
			isa = XCConfigurationList;
			buildConfigurations = (
				3246D62124272DC300799D21 /* Debug */,
				3246D62224272DC300799D21 /* Release */,
			);
			defaultConfigurationIsVisible = 0;
			defaultConfigurationName = Release;
		};
		3246D62324272DC300799D21 /* Build configuration list for PBXNativeTarget "library" */ = {
			isa = XCConfigurationList;
			buildConfigurations = (
				3246D62424272DC300799D21 /* Debug */,
				3246D62524272DC300799D21 /* Release */,
			);
			defaultConfigurationIsVisible = 0;
			defaultConfigurationName = Release;
		};
/* End XCConfigurationList section */
	};
	rootObject = 3246D61424272DC200799D21 /* Project object */;
}
